
Microsoft Visual Studio Solution File, Format Version 12.00
# Visual Studio Version 17
VisualStudioVersion = 17.6.33815.320
MinimumVisualStudioVersion = 10.0.40219.1
Project("{8BC9CEB8-8B4A-11D0-8D11-00A0C91BC942}") = "2023-9-25-222", "2023-9-25-222\2023-9-25-222.vcxproj", "{B586D5A0-88CD-474B-A140-66E05F01D57D}"
EndProject
Global
	GlobalSection(SolutionConfigurationPlatforms) = preSolution
		Debug|x64 = Debug|x64
		Debug|x86 = Debug|x86
		Release|x64 = Release|x64
		Release|x86 = Release|x86
	EndGlobalSection
	GlobalSection(ProjectConfigurationPlatforms) = postSolution
		{B586D5A0-88CD-474B-A140-66E05F01D57D}.Debug|x64.ActiveCfg = Debug|x64
		{B586D5A0-88CD-474B-A140-66E05F01D57D}.Debug|x64.Build.0 = Debug|x64
		{B586D5A0-88CD-474B-A140-66E05F01D57D}.Debug|x86.ActiveCfg = Debug|Win32
		{B586D5A0-88CD-474B-A140-66E05F01D57D}.Debug|x86.Build.0 = Debug|Win32
		{B586D5A0-88CD-474B-A140-66E05F01D57D}.Release|x64.ActiveCfg = Release|x64
		{B586D5A0-88CD-474B-A140-66E05F01D57D}.Release|x64.Build.0 = Release|x64
		{B586D5A0-88CD-474B-A140-66E05F01D57D}.Release|x86.ActiveCfg = Release|Win32
		{B586D5A0-88CD-474B-A140-66E05F01D57D}.Release|x86.Build.0 = Release|Win32
	EndGlobalSection
	GlobalSection(SolutionProperties) = preSolution
		HideSolutionNode = FALSE
	EndGlobalSection
	GlobalSection(ExtensibilityGlobals) = postSolution
		SolutionGuid = {2CF8059E-9923-4448-B8D1-7CAA16E5529B}
	EndGlobalSection
EndGlobal
